{
  "nodes": {
    "nixpkgs": {
      "locked": {
        "lastModified": 1754020304,
        "narHash": "sha256-ZFLAdlcY040kpPBXdzyT5hvg+2ErcP+QjdKbk81LiKE=",
        "owner": "nixos",
        "repo": "nixpkgs",
        "rev": "528b783f1cf54663ce80c123fdfe26365b005bbc",
        "type": "github"
      },
      "original": {
        "owner": "nixos",
        "repo": "nixpkgs",
        "type": "github"
      }
    },
    "root": {
      "inputs": {
        "nixpkgs": "nixpkgs"
      }
    }
  },
  "root": "root",
  "version": 7
}
